{
    "requires": true,
    "lockfileVersion": 1,
    "dependencies": {
        "aos": {
            "version": "3.0.0-beta.6",
            "resolved": "https://registry.npmjs.org/aos/-/aos-3.0.0-beta.6.tgz",
            "integrity": "sha512-VLWrpq8bfAWcetynVHMMrqdC+89Qq/Ym6UBJbHB4crIwp3RR8uq1dNGgsFzoDl03S43rlVMK+na3r5+oUCZsYw==",
            "requires": {
                "classlist-polyfill": "^1.2.0",
                "lodash.debounce": "^4.0.8",
                "lodash.throttle": "^4.1.1"
            }
        },
        "chart.js": {
            "version": "2.9.3",
            "resolved": "https://registry.npmjs.org/chart.js/-/chart.js-2.9.3.tgz",
            "integrity": "sha512-+2jlOobSk52c1VU6fzkh3UwqHMdSlgH1xFv9FKMqHiNCpXsGPQa/+81AFa+i3jZ253Mq9aAycPwDjnn1XbRNNw==",
            "requires": {
                "chartjs-color": "^2.1.0",
                "moment": "^2.10.2"
            }
        },
        "chartjs-color": {
            "version": "2.4.1",
            "resolved": "https://registry.npmjs.org/chartjs-color/-/chartjs-color-2.4.1.tgz",
            "integrity": "sha512-haqOg1+Yebys/Ts/9bLo/BqUcONQOdr/hoEr2LLTRl6C5LXctUdHxsCYfvQVg5JIxITrfCNUDr4ntqmQk9+/0w==",
            "requires": {
                "chartjs-color-string": "^0.6.0",
                "color-convert": "^1.9.3"
            }
        },
        "chartjs-color-string": {
            "version": "0.6.0",
            "resolved": "https://registry.npmjs.org/chartjs-color-string/-/chartjs-color-string-0.6.0.tgz",
            "integrity": "sha512-TIB5OKn1hPJvO7JcteW4WY/63v6KwEdt6udfnDE9iCAZgy+V4SrbSxoIbTw/xkUIapjEI4ExGtD0+6D3KyFd7A==",
            "requires": {
                "color-name": "^1.0.0"
            }
        },
        "classlist-polyfill": {
            "version": "1.2.0",
            "resolved": "https://registry.npmjs.org/classlist-polyfill/-/classlist-polyfill-1.2.0.tgz",
            "integrity": "sha1-k1vC39lFiodrJ5YXUUY4vKqWSi4="
        },
        "color-convert": {
            "version": "1.9.3",
            "resolved": "https://registry.npmjs.org/color-convert/-/color-convert-1.9.3.tgz",
            "integrity": "sha512-QfAUtd+vFdAtFQcC8CCyYt1fYWxSqAiK2cSD6zDB8N3cpsEBAvRxp9zOGg6G/SHHJYAT88/az/IuDGALsNVbGg==",
            "requires": {
                "color-name": "1.1.3"
            },
            "dependencies": {
                "color-name": {
                    "version": "1.1.3",
                    "resolved": "https://registry.npmjs.org/color-name/-/color-name-1.1.3.tgz",
                    "integrity": "sha1-p9BVi9icQveV3UIyj3QIMcpTvCU="
                }
            }
        },
        "color-name": {
            "version": "1.1.4",
            "resolved": "https://registry.npmjs.org/color-name/-/color-name-1.1.4.tgz",
            "integrity": "sha512-dOy+3AuW3a2wNbZHIuMZpTcgjGuLU/uBL/ubcZF9OXbDo8ff4O8yVp5Bf0efS8uEoYo5q4Fx7dY9OgQGXgAsQA=="
        },
        "es6-object-assign": {
            "version": "1.1.0",
            "resolved": "https://registry.npmjs.org/es6-object-assign/-/es6-object-assign-1.1.0.tgz",
            "integrity": "sha1-wsNYJlYkfDnqEHyx5mUrb58kUjw="
        },
        "flatpickr": {
            "version": "4.6.3",
            "resolved": "https://registry.npmjs.org/flatpickr/-/flatpickr-4.6.3.tgz",
            "integrity": "sha512-007VucCkqNOMMb9ggRLNuJowwaJcyOh4sKAFcdGfahfGc7JQbf94zSzjdBq/wVyHWUEs5o3+idhFZ0wbZMRmVQ=="
        },
        "lodash.debounce": {
            "version": "4.0.8",
            "resolved": "https://registry.npmjs.org/lodash.debounce/-/lodash.debounce-4.0.8.tgz",
            "integrity": "sha1-gteb/zCmfEAF/9XiUVMArZyk168="
        },
        "lodash.throttle": {
            "version": "4.1.1",
            "resolved": "https://registry.npmjs.org/lodash.throttle/-/lodash.throttle-4.1.1.tgz",
            "integrity": "sha1-wj6RtxAkKscMN/HhzaknTMOb8vQ="
        },
        "moment": {
            "version": "2.27.0",
            "resolved": "https://registry.npmjs.org/moment/-/moment-2.27.0.tgz",
            "integrity": "sha512-al0MUK7cpIcglMv3YF13qSgdAIqxHTO7brRtaz3DlSULbqfazqkc5kEjNrLDOM7fsjshoFIihnU8snrP7zUvhQ=="
        },
        "promise-polyfill": {
            "version": "6.1.0",
            "resolved": "https://registry.npmjs.org/promise-polyfill/-/promise-polyfill-6.1.0.tgz",
            "integrity": "sha1-36lpQ+qcEh/KTem1hoyznTRy4Fc="
        },
        "sweetalert": {
            "version": "2.1.2",
            "resolved": "https://registry.npmjs.org/sweetalert/-/sweetalert-2.1.2.tgz",
            "integrity": "sha512-iWx7X4anRBNDa/a+AdTmvAzQtkN1+s4j/JJRWlHpYE8Qimkohs8/XnFcWeYHH2lMA8LRCa5tj2d244If3S/hzA==",
            "requires": {
                "es6-object-assign": "^1.1.0",
                "promise-polyfill": "^6.0.2"
            }
        },
        "vue-router": {
            "version": "3.4.2",
            "resolved": "https://registry.npmjs.org/vue-router/-/vue-router-3.4.2.tgz",
            "integrity": "sha512-n3Ok70hW0EpcJF4lcWIwSHAQbFTnIOLl/fhO8+oTs4jHNtBNsovcVvPZeTOyKEd8C3xF1Crft2ASuOiVT5K1mw=="
        }
    }
}
